<?xml version="1.0" encoding="utf-8"?>
<Project ToolsVersion="4.0" xmlns="http://schemas.microsoft.com/developer/msbuild/2003">
  <ItemGroup>
    <Filter Include="Source Files">
      <UniqueIdentifier>{ccf340e6-092d-4e29-8ad6-14327e10f613}</UniqueIdentifier>
      <Extensions>cpp;c;cxx;rc;def;r;odl;idl;hpj;bat;for;f90</Extensions>
    </Filter>
    <Filter Include="Header Files">
      <UniqueIdentifier>{66e25987-d8b4-4882-87d8-6b564a180923}</UniqueIdentifier>
      <Extensions>h;hpp;hxx;hm;inl;fi;fd</Extensions>
    </Filter>
    <Filter Include="Resource Files">
      <UniqueIdentifier>{d1938e30-441a-43b1-b6df-d8b43a22d0d5}</UniqueIdentifier>
      <Extensions>ico;cur;bmp;dlg;rc2;rct;bin;cnt;rtf;gif;jpg;jpeg;jpe</Extensions>
    </Filter>
    <Filter Include="Help Files">
      <UniqueIdentifier>{e87d2f59-edaf-4f3a-9fa6-83c470f859eb}</UniqueIdentifier>
      <Extensions>.hpj</Extensions>
    </Filter>
  </ItemGroup>
  <ItemGroup>
    <ClCompile Include="audtedoc.cpp">
      <Filter>Source Files</Filter>
    </ClCompile>
    <ClCompile Include="audtest.cpp">
      <Filter>Source Files</Filter>
    </ClCompile>
    <ClCompile Include="audtevw.cpp">
      <Filter>Source Files</Filter>
    </ClCompile>
    <ClCompile Include="BarNetwork.cpp">
      <Filter>Source Files</Filter>
    </ClCompile>
    <ClCompile Include="Chart.cpp">
      <Filter>Source Files</Filter>
    </ClCompile>
    <ClCompile Include="ChildFrm.cpp">
      <Filter>Source Files</Filter>
    </ClCompile>
    <ClCompile Include="Clipbd.cpp">
      <Filter>Source Files</Filter>
    </ClCompile>
    <ClCompile Include="ColorButton.cpp">
      <Filter>Source Files</Filter>
    </ClCompile>
    <ClCompile Include="Complex.cpp">
      <Filter>Source Files</Filter>
    </ClCompile>
    <ClCompile Include="Ctrls.cpp">
      <Filter>Source Files</Filter>
    </ClCompile>
    <ClCompile Include="DataSet.cpp">
      <Filter>Source Files</Filter>
    </ClCompile>
    <ClCompile Include="DataTag.cpp">
      <Filter>Source Files</Filter>
    </ClCompile>
    <ClCompile Include="Debug.cpp">
      <Filter>Source Files</Filter>
    </ClCompile>
    <ClCompile Include="dibapi.cpp">
      <Filter>Source Files</Filter>
    </ClCompile>
    <ClCompile Include="DlgAddDriver.cpp">
      <Filter>Source Files</Filter>
    </ClCompile>
    <ClCompile Include="DlgAddPassive.cpp">
      <Filter>Source Files</Filter>
    </ClCompile>
    <ClCompile Include="DlgAudioCheck.cpp">
      <Filter>Source Files</Filter>
    </ClCompile>
    <ClCompile Include="DlgBurst.cpp">
      <Filter>Source Files</Filter>
    </ClCompile>
    <ClCompile Include="DlgCalcMerge.cpp">
      <Filter>Source Files</Filter>
    </ClCompile>
    <ClCompile Include="DlgCalcPassive.cpp">
      <Filter>Source Files</Filter>
    </ClCompile>
    <ClCompile Include="DlgCalcTuned.cpp">
      <Filter>Source Files</Filter>
    </ClCompile>
    <ClCompile Include="DlgCalibrate.cpp">
      <Filter>Source Files</Filter>
    </ClCompile>
    <ClCompile Include="DlgCalWizAmp.cpp">
      <Filter>Source Files</Filter>
    </ClCompile>
    <ClCompile Include="DlgCalWizBrd.cpp">
      <Filter>Source Files</Filter>
    </ClCompile>
    <ClCompile Include="DlgCalWizImp.cpp">
      <Filter>Source Files</Filter>
    </ClCompile>
    <ClCompile Include="DlgCalWizLp.cpp">
      <Filter>Source Files</Filter>
    </ClCompile>
    <ClCompile Include="DlgCalWizVol.cpp">
      <Filter>Source Files</Filter>
    </ClCompile>
    <ClCompile Include="dlgcbox.cpp">
      <Filter>Source Files</Filter>
    </ClCompile>
    <ClCompile Include="dlgChart.cpp">
      <Filter>Source Files</Filter>
    </ClCompile>
    <ClCompile Include="DlgChartProp.cpp">
      <Filter>Source Files</Filter>
    </ClCompile>
    <ClCompile Include="dlgchdat.cpp">
      <Filter>Source Files</Filter>
    </ClCompile>
    <ClCompile Include="dlgchgen.cpp">
      <Filter>Source Files</Filter>
    </ClCompile>
    <ClCompile Include="DlgCreateGoal.cpp">
      <Filter>Source Files</Filter>
    </ClCompile>
    <ClCompile Include="DlgCrossover.cpp">
      <Filter>Source Files</Filter>
    </ClCompile>
    <ClCompile Include="dlgDataS.cpp">
      <Filter>Source Files</Filter>
    </ClCompile>
    <ClCompile Include="DlgDefWr.cpp">
      <Filter>Source Files</Filter>
    </ClCompile>
    <ClCompile Include="DlgDisable48K.cpp">
      <Filter>Source Files</Filter>
    </ClCompile>
    <ClCompile Include="DlgDoc.cpp">
      <Filter>Source Files</Filter>
    </ClCompile>
    <ClCompile Include="DlgDocGe.cpp">
      <Filter>Source Files</Filter>
    </ClCompile>
    <ClCompile Include="dlgdrdat.cpp">
      <Filter>Source Files</Filter>
    </ClCompile>
    <ClCompile Include="dlgdrgen.cpp">
      <Filter>Source Files</Filter>
    </ClCompile>
    <ClCompile Include="dlgDrive.cpp">
      <Filter>Source Files</Filter>
    </ClCompile>
    <ClCompile Include="dlgdrpar.cpp">
      <Filter>Source Files</Filter>
    </ClCompile>
    <ClCompile Include="DlgDrvEquiv.cpp">
      <Filter>Source Files</Filter>
    </ClCompile>
    <ClCompile Include="dlgDsDat.cpp">
      <Filter>Source Files</Filter>
    </ClCompile>
    <ClCompile Include="dlgDsGen.cpp">
      <Filter>Source Files</Filter>
    </ClCompile>
    <ClCompile Include="DlgDvEst.cpp">
      <Filter>Source Files</Filter>
    </ClCompile>
    <ClCompile Include="dlgEnclo.cpp">
      <Filter>Source Files</Filter>
    </ClCompile>
    <ClCompile Include="dlgengen.cpp">
      <Filter>Source Files</Filter>
    </ClCompile>
    <ClCompile Include="dlgenpar.cpp">
      <Filter>Source Files</Filter>
    </ClCompile>
    <ClCompile Include="dlgfilte.cpp">
      <Filter>Source Files</Filter>
    </ClCompile>
    <ClCompile Include="DlgFldGe.cpp">
      <Filter>Source Files</Filter>
    </ClCompile>
    <ClCompile Include="DlgFolder.cpp">
      <Filter>Source Files</Filter>
    </ClCompile>
    <ClCompile Include="dlgGener.cpp">
      <Filter>Source Files</Filter>
    </ClCompile>
    <ClCompile Include="dlggenge.cpp">
      <Filter>Source Files</Filter>
    </ClCompile>
    <ClCompile Include="dlggenus.cpp">
      <Filter>Source Files</Filter>
    </ClCompile>
    <ClCompile Include="dlggrid.cpp">
      <Filter>Source Files</Filter>
    </ClCompile>
    <ClCompile Include="dlglocat.cpp">
      <Filter>Source Files</Filter>
    </ClCompile>
    <ClCompile Include="DlgLPad.cpp">
      <Filter>Source Files</Filter>
    </ClCompile>
    <ClCompile Include="dlgmls.cpp">
      <Filter>Source Files</Filter>
    </ClCompile>
    <ClCompile Include="DlgMsrDistort.cpp">
      <Filter>Source Files</Filter>
    </ClCompile>
    <ClCompile Include="DlgMsrIn.cpp">
      <Filter>Source Files</Filter>
    </ClCompile>
    <ClCompile Include="dlgMsrPa.cpp">
      <Filter>Source Files</Filter>
    </ClCompile>
    <ClCompile Include="dlgnetdr.cpp">
      <Filter>Source Files</Filter>
    </ClCompile>
    <ClCompile Include="dlgNetGe.cpp">
      <Filter>Source Files</Filter>
    </ClCompile>
    <ClCompile Include="DlgNetLayout.cpp">
      <Filter>Source Files</Filter>
    </ClCompile>
    <ClCompile Include="dlgnetli.cpp">
      <Filter>Source Files</Filter>
    </ClCompile>
    <ClCompile Include="DlgNetOptimize.cpp">
      <Filter>Source Files</Filter>
    </ClCompile>
    <ClCompile Include="dlgNetwo.cpp">
      <Filter>Source Files</Filter>
    </ClCompile>
    <ClCompile Include="dlgnoise.cpp">
      <Filter>Source Files</Filter>
    </ClCompile>
    <ClCompile Include="DlgNotch.cpp">
      <Filter>Source Files</Filter>
    </ClCompile>
    <ClCompile Include="DlgNote.cpp">
      <Filter>Source Files</Filter>
    </ClCompile>
    <ClCompile Include="DlgOptXover.cpp">
      <Filter>Source Files</Filter>
    </ClCompile>
    <ClCompile Include="dlgpertu.cpp">
      <Filter>Source Files</Filter>
    </ClCompile>
    <ClCompile Include="dlgPlayS.cpp">
      <Filter>Source Files</Filter>
    </ClCompile>
    <ClCompile Include="dlgprcha.cpp">
      <Filter>Source Files</Filter>
    </ClCompile>
    <ClCompile Include="DlgPrefAcoustic.cpp">
      <Filter>Source Files</Filter>
    </ClCompile>
    <ClCompile Include="DlgPrefDebug.cpp">
      <Filter>Source Files</Filter>
    </ClCompile>
    <ClCompile Include="dlgPrefer.cpp">
      <Filter>Source Files</Filter>
    </ClCompile>
    <ClCompile Include="DlgPrefGe.cpp">
      <Filter>Source Files</Filter>
    </ClCompile>
    <ClCompile Include="dlgprefm.cpp">
      <Filter>Source Files</Filter>
    </ClCompile>
    <ClCompile Include="DlgPrefMarker.cpp">
      <Filter>Source Files</Filter>
    </ClCompile>
    <ClCompile Include="dlgprefn.cpp">
      <Filter>Source Files</Filter>
    </ClCompile>
    <ClCompile Include="DlgPrefReference.cpp">
      <Filter>Source Files</Filter>
    </ClCompile>
    <ClCompile Include="DlgPrfIm.cpp">
      <Filter>Source Files</Filter>
    </ClCompile>
    <ClCompile Include="dlgprtra.cpp">
      <Filter>Source Files</Filter>
    </ClCompile>
    <ClCompile Include="dlgpulse.cpp">
      <Filter>Source Files</Filter>
    </ClCompile>
    <ClCompile Include="dlgrecor.cpp">
      <Filter>Source Files</Filter>
    </ClCompile>
    <ClCompile Include="dlgRenam.cpp">
      <Filter>Source Files</Filter>
    </ClCompile>
    <ClCompile Include="dlgrmbox.cpp">
      <Filter>Source Files</Filter>
    </ClCompile>
    <ClCompile Include="dlgRmGen.cpp">
      <Filter>Source Files</Filter>
    </ClCompile>
    <ClCompile Include="dlgRmWal.cpp">
      <Filter>Source Files</Filter>
    </ClCompile>
    <ClCompile Include="dlgRoom.cpp">
      <Filter>Source Files</Filter>
    </ClCompile>
    <ClCompile Include="DlgRoot.cpp">
      <Filter>Source Files</Filter>
    </ClCompile>
    <ClCompile Include="dlgsawto.cpp">
      <Filter>Source Files</Filter>
    </ClCompile>
    <ClCompile Include="dlgSelec.cpp">
      <Filter>Source Files</Filter>
    </ClCompile>
    <ClCompile Include="dlgSine.cpp">
      <Filter>Source Files</Filter>
    </ClCompile>
    <ClCompile Include="DlgSplice.cpp">
      <Filter>Source Files</Filter>
    </ClCompile>
    <ClCompile Include="dlgsquar.cpp">
      <Filter>Source Files</Filter>
    </ClCompile>
    <ClCompile Include="dlgSweep.cpp">
      <Filter>Source Files</Filter>
    </ClCompile>
    <ClCompile Include="DlgTimeDist.cpp">
      <Filter>Source Files</Filter>
    </ClCompile>
    <ClCompile Include="dlgTones.cpp">
      <Filter>Source Files</Filter>
    </ClCompile>
    <ClCompile Include="DlgVolumeCalc.cpp">
      <Filter>Source Files</Filter>
    </ClCompile>
    <ClCompile Include="DlgVuMeter.cpp">
      <Filter>Source Files</Filter>
    </ClCompile>
    <ClCompile Include="dlgxcadd.cpp">
      <Filter>Source Files</Filter>
    </ClCompile>
    <ClCompile Include="dlgxcimp.cpp">
      <Filter>Source Files</Filter>
    </ClCompile>
    <ClCompile Include="dlgxfcor.cpp">
      <Filter>Source Files</Filter>
    </ClCompile>
    <ClCompile Include="dlgxfdel.cpp">
      <Filter>Source Files</Filter>
    </ClCompile>
    <ClCompile Include="dlgxffft.cpp">
      <Filter>Source Files</Filter>
    </ClCompile>
    <ClCompile Include="dlgXfFrq.cpp">
      <Filter>Source Files</Filter>
    </ClCompile>
    <ClCompile Include="dlgxfgrp.cpp">
      <Filter>Source Files</Filter>
    </ClCompile>
    <ClCompile Include="dlgxfiff.cpp">
      <Filter>Source Files</Filter>
    </ClCompile>
    <ClCompile Include="dlgxfinv.cpp">
      <Filter>Source Files</Filter>
    </ClCompile>
    <ClCompile Include="dlgxflim.cpp">
      <Filter>Source Files</Filter>
    </ClCompile>
    <ClCompile Include="dlgxfsca.cpp">
      <Filter>Source Files</Filter>
    </ClCompile>
    <ClCompile Include="dlgxfsmo.cpp">
      <Filter>Source Files</Filter>
    </ClCompile>
    <ClCompile Include="dlgxftru.cpp">
      <Filter>Source Files</Filter>
    </ClCompile>
    <ClCompile Include="DlgXfWaterfall.cpp">
      <Filter>Source Files</Filter>
    </ClCompile>
    <ClCompile Include="DlgZobel.cpp">
      <Filter>Source Files</Filter>
    </ClCompile>
    <ClCompile Include="DrawObj.cpp">
      <Filter>Source Files</Filter>
    </ClCompile>
    <ClCompile Include="Driver.cpp">
      <Filter>Source Files</Filter>
    </ClCompile>
    <ClCompile Include="Enclosur.cpp">
      <Filter>Source Files</Filter>
    </ClCompile>
    <ClCompile Include="Filter.cpp">
      <Filter>Source Files</Filter>
    </ClCompile>
    <ClCompile Include="Folder.cpp">
      <Filter>Source Files</Filter>
    </ClCompile>
    <ClCompile Include="FxFont.cpp">
      <Filter>Source Files</Filter>
    </ClCompile>
    <ClCompile Include="Generat.cpp">
      <Filter>Source Files</Filter>
    </ClCompile>
    <ClCompile Include="Grid.cpp">
      <Filter>Source Files</Filter>
    </ClCompile>
    <ClCompile Include="ipFrame.cpp">
      <Filter>Source Files</Filter>
    </ClCompile>
    <ClCompile Include="mainFrm.cpp">
      <Filter>Source Files</Filter>
    </ClCompile>
    <ClCompile Include="mmWave.cpp">
      <Filter>Source Files</Filter>
    </ClCompile>
    <ClCompile Include="mmwOps.cpp">
      <Filter>Source Files</Filter>
    </ClCompile>
    <ClCompile Include="Named.cpp">
      <Filter>Source Files</Filter>
    </ClCompile>
    <ClCompile Include="NetClip.cpp">
      <Filter>Source Files</Filter>
    </ClCompile>
    <ClCompile Include="NetOps.cpp">
      <Filter>Source Files</Filter>
    </ClCompile>
    <ClCompile Include="NetOptimize.cpp">
      <Filter>Source Files</Filter>
    </ClCompile>
    <ClCompile Include="Network.cpp">
      <Filter>Source Files</Filter>
    </ClCompile>
    <ClCompile Include="OpCode.cpp">
      <Filter>Source Files</Filter>
    </ClCompile>
    <ClCompile Include="opItem.cpp">
      <Filter>Source Files</Filter>
    </ClCompile>
    <ClCompile Include="opRecord.cpp">
      <Filter>Source Files</Filter>
    </ClCompile>
    <ClCompile Include="Passive.cpp">
      <Filter>Source Files</Filter>
    </ClCompile>
    <ClCompile Include="Room.cpp">
      <Filter>Source Files</Filter>
    </ClCompile>
    <ClCompile Include="SetLocale.cpp">
      <Filter>Source Files</Filter>
    </ClCompile>
    <ClCompile Include="Splash.cpp">
      <Filter>Source Files</Filter>
    </ClCompile>
    <ClCompile Include="SplitBar.cpp">
      <Filter>Source Files</Filter>
    </ClCompile>
    <ClCompile Include="srvrItem.cpp">
      <Filter>Source Files</Filter>
    </ClCompile>
    <ClCompile Include="stdAfx.cpp">
      <Filter>Source Files</Filter>
    </ClCompile>
    <ClCompile Include="treectrl.cpp">
      <Filter>Source Files</Filter>
    </ClCompile>
    <ClCompile Include="TrueDialogBar.cpp">
      <Filter>Source Files</Filter>
    </ClCompile>
    <ClCompile Include="Utils.cpp">
      <Filter>Source Files</Filter>
    </ClCompile>
    <ClCompile Include="ViewRecd.cpp">
      <Filter>Source Files</Filter>
    </ClCompile>
    <ClCompile Include="vwchart.cpp">
      <Filter>Source Files</Filter>
    </ClCompile>
    <ClCompile Include="vwdata.cpp">
      <Filter>Source Files</Filter>
    </ClCompile>
    <ClCompile Include="vwdrive.cpp">
      <Filter>Source Files</Filter>
    </ClCompile>
    <ClCompile Include="vwencl.cpp">
      <Filter>Source Files</Filter>
    </ClCompile>
    <ClCompile Include="vwgen.cpp">
      <Filter>Source Files</Filter>
    </ClCompile>
    <ClCompile Include="vwNet.cpp">
      <Filter>Source Files</Filter>
    </ClCompile>
    <ClCompile Include="vwroom.cpp">
      <Filter>Source Files</Filter>
    </ClCompile>
    <ClCompile Include="vwtree.cpp">
      <Filter>Source Files</Filter>
    </ClCompile>
    <ClCompile Include="xForm.cpp">
      <Filter>Source Files</Filter>
    </ClCompile>
    <ClCompile Include="xFormBig.cpp">
      <Filter>Source Files</Filter>
    </ClCompile>
    <ClCompile Include="XformGoal.cpp">
      <Filter>Source Files</Filter>
    </ClCompile>
    <ClCompile Include="ZcSplitCtrl.cpp">
      <Filter>Source Files</Filter>
    </ClCompile>
    <ClCompile Include="zFormEdt.cpp">
      <Filter>Source Files</Filter>
    </ClCompile>
  </ItemGroup>
  <ItemGroup>
    <Midl Include="Audtest.odl">
      <Filter>Source Files</Filter>
    </Midl>
  </ItemGroup>
  <ItemGroup>
    <ResourceCompile Include="Audtest.RC">
      <Filter>Source Files</Filter>
    </ResourceCompile>
  </ItemGroup>
  <ItemGroup>
    <ClInclude Include="audtedoc.h">
      <Filter>Header Files</Filter>
    </ClInclude>
    <ClInclude Include="audtest.h">
      <Filter>Header Files</Filter>
    </ClInclude>
    <ClInclude Include="audtevw.h">
      <Filter>Header Files</Filter>
    </ClInclude>
    <ClInclude Include="BarNetwork.h">
      <Filter>Header Files</Filter>
    </ClInclude>
    <ClInclude Include="Chart.h">
      <Filter>Header Files</Filter>
    </ClInclude>
    <ClInclude Include="childfrm.h">
      <Filter>Header Files</Filter>
    </ClInclude>
    <ClInclude Include="ClipBd.h">
      <Filter>Header Files</Filter>
    </ClInclude>
    <ClInclude Include="ColorButton.h">
      <Filter>Header Files</Filter>
    </ClInclude>
    <ClInclude Include="Complex.h">
      <Filter>Header Files</Filter>
    </ClInclude>
    <ClInclude Include="Ctrls.h">
      <Filter>Header Files</Filter>
    </ClInclude>
    <ClInclude Include="dataset.h">
      <Filter>Header Files</Filter>
    </ClInclude>
    <ClInclude Include="DataTag.h">
      <Filter>Header Files</Filter>
    </ClInclude>
    <ClInclude Include="Debug.h">
      <Filter>Header Files</Filter>
    </ClInclude>
    <ClInclude Include="dibapi.h">
      <Filter>Header Files</Filter>
    </ClInclude>
    <ClInclude Include="DlgAddDriver.h">
      <Filter>Header Files</Filter>
    </ClInclude>
    <ClInclude Include="DlgAddPassive.h">
      <Filter>Header Files</Filter>
    </ClInclude>
    <ClInclude Include="DlgAudioCheck.h">
      <Filter>Header Files</Filter>
    </ClInclude>
    <ClInclude Include="DlgBurst.h">
      <Filter>Header Files</Filter>
    </ClInclude>
    <ClInclude Include="DlgCalcMerge.h">
      <Filter>Header Files</Filter>
    </ClInclude>
    <ClInclude Include="dlgCalcPassive.h">
      <Filter>Header Files</Filter>
    </ClInclude>
    <ClInclude Include="dlgCalcTuned.h">
      <Filter>Header Files</Filter>
    </ClInclude>
    <ClInclude Include="dlgCalibrate.h">
      <Filter>Header Files</Filter>
    </ClInclude>
    <ClInclude Include="DlgCalWizAmp.h">
      <Filter>Header Files</Filter>
    </ClInclude>
    <ClInclude Include="DlgCalWizBrd.h">
      <Filter>Header Files</Filter>
    </ClInclude>
    <ClInclude Include="DlgCalWizImp.h">
      <Filter>Header Files</Filter>
    </ClInclude>
    <ClInclude Include="DlgCalWizLp.h">
      <Filter>Header Files</Filter>
    </ClInclude>
    <ClInclude Include="DlgCalWizVol.h">
      <Filter>Header Files</Filter>
    </ClInclude>
    <ClInclude Include="dlgcbox.h">
      <Filter>Header Files</Filter>
    </ClInclude>
    <ClInclude Include="Dlgchart.h">
      <Filter>Header Files</Filter>
    </ClInclude>
    <ClInclude Include="DlgChartProp.h">
      <Filter>Header Files</Filter>
    </ClInclude>
    <ClInclude Include="dlgchdat.h">
      <Filter>Header Files</Filter>
    </ClInclude>
    <ClInclude Include="dlgchgen.h">
      <Filter>Header Files</Filter>
    </ClInclude>
    <ClInclude Include="DlgCreateGoal.h">
      <Filter>Header Files</Filter>
    </ClInclude>
    <ClInclude Include="DlgCrossover.h">
      <Filter>Header Files</Filter>
    </ClInclude>
    <ClInclude Include="dlgdatas.h">
      <Filter>Header Files</Filter>
    </ClInclude>
    <ClInclude Include="DlgDefWr.h">
      <Filter>Header Files</Filter>
    </ClInclude>
    <ClInclude Include="DlgDisable48K.h">
      <Filter>Header Files</Filter>
    </ClInclude>
    <ClInclude Include="DlgDoc.h">
      <Filter>Header Files</Filter>
    </ClInclude>
    <ClInclude Include="DlgDocGe.h">
      <Filter>Header Files</Filter>
    </ClInclude>
    <ClInclude Include="dlgdrdat.h">
      <Filter>Header Files</Filter>
    </ClInclude>
    <ClInclude Include="dlgdrgen.h">
      <Filter>Header Files</Filter>
    </ClInclude>
    <ClInclude Include="dlgdrive.h">
      <Filter>Header Files</Filter>
    </ClInclude>
    <ClInclude Include="dlgdrPar.h">
      <Filter>Header Files</Filter>
    </ClInclude>
    <ClInclude Include="DlgDrvEquiv.h">
      <Filter>Header Files</Filter>
    </ClInclude>
    <ClInclude Include="dlgdsdat.h">
      <Filter>Header Files</Filter>
    </ClInclude>
    <ClInclude Include="dlgdsgen.h">
      <Filter>Header Files</Filter>
    </ClInclude>
    <ClInclude Include="DlgDvEst.h">
      <Filter>Header Files</Filter>
    </ClInclude>
    <ClInclude Include="dlgenclo.h">
      <Filter>Header Files</Filter>
    </ClInclude>
    <ClInclude Include="dlgenGen.h">
      <Filter>Header Files</Filter>
    </ClInclude>
    <ClInclude Include="dlgEnPar.h">
      <Filter>Header Files</Filter>
    </ClInclude>
    <ClInclude Include="dlgfilte.h">
      <Filter>Header Files</Filter>
    </ClInclude>
    <ClInclude Include="DlgFldGe.h">
      <Filter>Header Files</Filter>
    </ClInclude>
    <ClInclude Include="DlgFolder.h">
      <Filter>Header Files</Filter>
    </ClInclude>
    <ClInclude Include="dlggener.h">
      <Filter>Header Files</Filter>
    </ClInclude>
    <ClInclude Include="dlgGenGe.h">
      <Filter>Header Files</Filter>
    </ClInclude>
    <ClInclude Include="dlgGenUs.h">
      <Filter>Header Files</Filter>
    </ClInclude>
    <ClInclude Include="dlggrid.h">
      <Filter>Header Files</Filter>
    </ClInclude>
    <ClInclude Include="dlglocat.h">
      <Filter>Header Files</Filter>
    </ClInclude>
    <ClInclude Include="DlgLPad.h">
      <Filter>Header Files</Filter>
    </ClInclude>
    <ClInclude Include="dlgMls.h">
      <Filter>Header Files</Filter>
    </ClInclude>
    <ClInclude Include="DlgMsrDistort.h">
      <Filter>Header Files</Filter>
    </ClInclude>
    <ClInclude Include="DlgMsrIn.h">
      <Filter>Header Files</Filter>
    </ClInclude>
    <ClInclude Include="dlgmsrpa.h">
      <Filter>Header Files</Filter>
    </ClInclude>
    <ClInclude Include="dlgnetdr.h">
      <Filter>Header Files</Filter>
    </ClInclude>
    <ClInclude Include="dlgnetge.h">
      <Filter>Header Files</Filter>
    </ClInclude>
    <ClInclude Include="DlgNetLayout.h">
      <Filter>Header Files</Filter>
    </ClInclude>
    <ClInclude Include="dlgnetli.h">
      <Filter>Header Files</Filter>
    </ClInclude>
    <ClInclude Include="DlgNetOptimize.h">
      <Filter>Header Files</Filter>
    </ClInclude>
    <ClInclude Include="dlgnetwo.h">
      <Filter>Header Files</Filter>
    </ClInclude>
    <ClInclude Include="dlgNoise.h">
      <Filter>Header Files</Filter>
    </ClInclude>
    <ClInclude Include="DlgNotch.h">
      <Filter>Header Files</Filter>
    </ClInclude>
    <ClInclude Include="DlgNote.h">
      <Filter>Header Files</Filter>
    </ClInclude>
    <ClInclude Include="DlgOptXover.h">
      <Filter>Header Files</Filter>
    </ClInclude>
    <ClInclude Include="dlgpertu.h">
      <Filter>Header Files</Filter>
    </ClInclude>
    <ClInclude Include="dlgplays.h">
      <Filter>Header Files</Filter>
    </ClInclude>
    <ClInclude Include="dlgprcha.h">
      <Filter>Header Files</Filter>
    </ClInclude>
    <ClInclude Include="DlgPrefAcoustic.h">
      <Filter>Header Files</Filter>
    </ClInclude>
    <ClInclude Include="DlgPrefDebug.h">
      <Filter>Header Files</Filter>
    </ClInclude>
    <ClInclude Include="dlgPrefer.h">
      <Filter>Header Files</Filter>
    </ClInclude>
    <ClInclude Include="DlgPrefGe.h">
      <Filter>Header Files</Filter>
    </ClInclude>
    <ClInclude Include="dlgprefm.h">
      <Filter>Header Files</Filter>
    </ClInclude>
    <ClInclude Include="DlgPrefMarker.h">
      <Filter>Header Files</Filter>
    </ClInclude>
    <ClInclude Include="dlgprefn.h">
      <Filter>Header Files</Filter>
    </ClInclude>
    <ClInclude Include="DlgPrefReference.h">
      <Filter>Header Files</Filter>
    </ClInclude>
    <ClInclude Include="DlgPrfIm.h">
      <Filter>Header Files</Filter>
    </ClInclude>
    <ClInclude Include="dlgprtra.h">
      <Filter>Header Files</Filter>
    </ClInclude>
    <ClInclude Include="dlgPulse.h">
      <Filter>Header Files</Filter>
    </ClInclude>
    <ClInclude Include="dlgrecor.h">
      <Filter>Header Files</Filter>
    </ClInclude>
    <ClInclude Include="dlgrenam.h">
      <Filter>Header Files</Filter>
    </ClInclude>
    <ClInclude Include="dlgrmbox.h">
      <Filter>Header Files</Filter>
    </ClInclude>
    <ClInclude Include="dlgrmgen.h">
      <Filter>Header Files</Filter>
    </ClInclude>
    <ClInclude Include="dlgrmwal.h">
      <Filter>Header Files</Filter>
    </ClInclude>
    <ClInclude Include="dlgroom.h">
      <Filter>Header Files</Filter>
    </ClInclude>
    <ClInclude Include="DlgRoot.h">
      <Filter>Header Files</Filter>
    </ClInclude>
    <ClInclude Include="dlgSawto.h">
      <Filter>Header Files</Filter>
    </ClInclude>
    <ClInclude Include="dlgSelec.h">
      <Filter>Header Files</Filter>
    </ClInclude>
    <ClInclude Include="dlgSine.h">
      <Filter>Header Files</Filter>
    </ClInclude>
    <ClInclude Include="DlgSplice.h">
      <Filter>Header Files</Filter>
    </ClInclude>
    <ClInclude Include="dlgSquar.h">
      <Filter>Header Files</Filter>
    </ClInclude>
    <ClInclude Include="dlgSweep.h">
      <Filter>Header Files</Filter>
    </ClInclude>
    <ClInclude Include="DlgTimeDist.h">
      <Filter>Header Files</Filter>
    </ClInclude>
    <ClInclude Include="dlgTones.h">
      <Filter>Header Files</Filter>
    </ClInclude>
    <ClInclude Include="DlgVolumeCalc.h">
      <Filter>Header Files</Filter>
    </ClInclude>
    <ClInclude Include="DlgVuMeter.h">
      <Filter>Header Files</Filter>
    </ClInclude>
    <ClInclude Include="dlgxcadd.h">
      <Filter>Header Files</Filter>
    </ClInclude>
    <ClInclude Include="dlgxcimp.h">
      <Filter>Header Files</Filter>
    </ClInclude>
    <ClInclude Include="dlgxfcor.h">
      <Filter>Header Files</Filter>
    </ClInclude>
    <ClInclude Include="dlgxfdel.h">
      <Filter>Header Files</Filter>
    </ClInclude>
    <ClInclude Include="dlgxffft.h">
      <Filter>Header Files</Filter>
    </ClInclude>
    <ClInclude Include="dlgXfFrq.h">
      <Filter>Header Files</Filter>
    </ClInclude>
    <ClInclude Include="dlgXfGrp.h">
      <Filter>Header Files</Filter>
    </ClInclude>
    <ClInclude Include="dlgxfiff.h">
      <Filter>Header Files</Filter>
    </ClInclude>
    <ClInclude Include="dlgxfinv.h">
      <Filter>Header Files</Filter>
    </ClInclude>
    <ClInclude Include="dlgxflim.h">
      <Filter>Header Files</Filter>
    </ClInclude>
    <ClInclude Include="dlgxfsca.h">
      <Filter>Header Files</Filter>
    </ClInclude>
    <ClInclude Include="dlgxfsmo.h">
      <Filter>Header Files</Filter>
    </ClInclude>
    <ClInclude Include="dlgxftru.h">
      <Filter>Header Files</Filter>
    </ClInclude>
    <ClInclude Include="DlgXfWaterfall.h">
      <Filter>Header Files</Filter>
    </ClInclude>
    <ClInclude Include="DlgZobel.h">
      <Filter>Header Files</Filter>
    </ClInclude>
    <ClInclude Include="DrawObj.h">
      <Filter>Header Files</Filter>
    </ClInclude>
    <ClInclude Include="Driver.h">
      <Filter>Header Files</Filter>
    </ClInclude>
    <ClInclude Include="Enclosur.h">
      <Filter>Header Files</Filter>
    </ClInclude>
    <ClInclude Include="filter.h">
      <Filter>Header Files</Filter>
    </ClInclude>
    <ClInclude Include="Folder.h">
      <Filter>Header Files</Filter>
    </ClInclude>
    <ClInclude Include="fxfont.h">
      <Filter>Header Files</Filter>
    </ClInclude>
    <ClInclude Include="generat.h">
      <Filter>Header Files</Filter>
    </ClInclude>
    <ClInclude Include="Grid.h">
      <Filter>Header Files</Filter>
    </ClInclude>
    <ClInclude Include="Ipframe.h">
      <Filter>Header Files</Filter>
    </ClInclude>
    <ClInclude Include="mainfrm.h">
      <Filter>Header Files</Filter>
    </ClInclude>
    <ClInclude Include="mmwave.h">
      <Filter>Header Files</Filter>
    </ClInclude>
    <ClInclude Include="Named.h">
      <Filter>Header Files</Filter>
    </ClInclude>
    <ClInclude Include="NetClip.h">
      <Filter>Header Files</Filter>
    </ClInclude>
    <ClInclude Include="NetOptimize.h">
      <Filter>Header Files</Filter>
    </ClInclude>
    <ClInclude Include="network.h">
      <Filter>Header Files</Filter>
    </ClInclude>
    <ClInclude Include="opcode.h">
      <Filter>Header Files</Filter>
    </ClInclude>
    <ClInclude Include="opitem.h">
      <Filter>Header Files</Filter>
    </ClInclude>
    <ClInclude Include="opRecord.h">
      <Filter>Header Files</Filter>
    </ClInclude>
    <ClInclude Include="Passive.h">
      <Filter>Header Files</Filter>
    </ClInclude>
    <ClInclude Include="resource.h">
      <Filter>Header Files</Filter>
    </ClInclude>
    <ClInclude Include="Room.h">
      <Filter>Header Files</Filter>
    </ClInclude>
    <ClInclude Include="SetLocale.h">
      <Filter>Header Files</Filter>
    </ClInclude>
    <ClInclude Include="Splash.h">
      <Filter>Header Files</Filter>
    </ClInclude>
    <ClInclude Include="SplitBar.h">
      <Filter>Header Files</Filter>
    </ClInclude>
    <ClInclude Include="srvritem.h">
      <Filter>Header Files</Filter>
    </ClInclude>
    <ClInclude Include="stdafx.h">
      <Filter>Header Files</Filter>
    </ClInclude>
    <ClInclude Include="treectrl.h">
      <Filter>Header Files</Filter>
    </ClInclude>
    <ClInclude Include="TrueDialogBar.h">
      <Filter>Header Files</Filter>
    </ClInclude>
    <ClInclude Include="Utils.h">
      <Filter>Header Files</Filter>
    </ClInclude>
    <ClInclude Include="vwchart.h">
      <Filter>Header Files</Filter>
    </ClInclude>
    <ClInclude Include="vwdata.h">
      <Filter>Header Files</Filter>
    </ClInclude>
    <ClInclude Include="vwdrive.h">
      <Filter>Header Files</Filter>
    </ClInclude>
    <ClInclude Include="vwencl.h">
      <Filter>Header Files</Filter>
    </ClInclude>
    <ClInclude Include="vwgen.h">
      <Filter>Header Files</Filter>
    </ClInclude>
    <ClInclude Include="vwNet.h">
      <Filter>Header Files</Filter>
    </ClInclude>
    <ClInclude Include="vwroom.h">
      <Filter>Header Files</Filter>
    </ClInclude>
    <ClInclude Include="vwtree.h">
      <Filter>Header Files</Filter>
    </ClInclude>
    <ClInclude Include="xform.h">
      <Filter>Header Files</Filter>
    </ClInclude>
    <ClInclude Include="XformAll.h">
      <Filter>Header Files</Filter>
    </ClInclude>
    <ClInclude Include="XformGoal.h">
      <Filter>Header Files</Filter>
    </ClInclude>
    <ClInclude Include="ZcSplitCtrl.h">
      <Filter>Header Files</Filter>
    </ClInclude>
    <ClInclude Include="zFormEdt.h">
      <Filter>Header Files</Filter>
    </ClInclude>
  </ItemGroup>
  <ItemGroup>
    <None Include="Res\arrow.cur">
      <Filter>Resource Files</Filter>
    </None>
    <None Include="Res\arrowcop.cur">
      <Filter>Resource Files</Filter>
    </None>
    <None Include="Res\Audtest.rc2">
      <Filter>Resource Files</Filter>
    </None>
    <None Include="Res\cursor1.cur">
      <Filter>Resource Files</Filter>
    </None>
    <None Include="Res\mover.cur">
      <Filter>Resource Files</Filter>
    </None>
    <None Include="Res\mover1.cur">
      <Filter>Resource Files</Filter>
    </None>
    <None Include="Res\nodrop.cur">
      <Filter>Resource Files</Filter>
    </None>
    <None Include="res\smallcro.cur">
      <Filter>Resource Files</Filter>
    </None>
    <None Include="Res\uniter.cur">
      <Filter>Resource Files</Filter>
    </None>
  </ItemGroup>
  <ItemGroup>
    <Image Include="Res\audtedoc.ico">
      <Filter>Resource Files</Filter>
    </Image>
    <Image Include="Res\audtest.ico">
      <Filter>Resource Files</Filter>
    </Image>
    <Image Include="res\bandpass.bmp">
      <Filter>Resource Files</Filter>
    </Image>
    <Image Include="res\bandstop.bmp">
      <Filter>Resource Files</Filter>
    </Image>
    <Image Include="Res\bitmap1.bmp">
      <Filter>Resource Files</Filter>
    </Image>
    <Image Include="Res\bmp00001.bmp">
      <Filter>Resource Files</Filter>
    </Image>
    <Image Include="Res\bmp00002.bmp">
      <Filter>Resource Files</Filter>
    </Image>
    <Image Include="res\bmp00003.bmp">
      <Filter>Resource Files</Filter>
    </Image>
    <Image Include="res\bmp00004.bmp">
      <Filter>Resource Files</Filter>
    </Image>
    <Image Include="res\bmp00005.bmp">
      <Filter>Resource Files</Filter>
    </Image>
    <Image Include="Res\bmp00006.bmp">
      <Filter>Resource Files</Filter>
    </Image>
    <Image Include="res\chkduplex.ico">
      <Filter>Resource Files</Filter>
    </Image>
    <Image Include="res\chkin.ico">
      <Filter>Resource Files</Filter>
    </Image>
    <Image Include="res\chkout.ico">
      <Filter>Resource Files</Filter>
    </Image>
    <Image Include="res\highpass.bmp">
      <Filter>Resource Files</Filter>
    </Image>
    <Image Include="Res\ico00001.ico">
      <Filter>Resource Files</Filter>
    </Image>
    <Image Include="Res\ico00002.ico">
      <Filter>Resource Files</Filter>
    </Image>
    <Image Include="Res\ico00003.ico">
      <Filter>Resource Files</Filter>
    </Image>
    <Image Include="Res\ico00004.ico">
      <Filter>Resource Files</Filter>
    </Image>
    <Image Include="Res\ico00005.ico">
      <Filter>Resource Files</Filter>
    </Image>
    <Image Include="Res\idr_chart.ico">
      <Filter>Resource Files</Filter>
    </Image>
    <Image Include="Res\idr_comp.ico">
      <Filter>Resource Files</Filter>
    </Image>
    <Image Include="Res\idr_data.ico">
      <Filter>Resource Files</Filter>
    </Image>
    <Image Include="Res\idr_drive.ico">
      <Filter>Resource Files</Filter>
    </Image>
    <Image Include="Res\idr_encl.ico">
      <Filter>Resource Files</Filter>
    </Image>
    <Image Include="Res\idr_gen.ico">
      <Filter>Resource Files</Filter>
    </Image>
    <Image Include="Res\idr_main.ico">
      <Filter>Resource Files</Filter>
    </Image>
    <Image Include="Res\idr_net.ico">
      <Filter>Resource Files</Filter>
    </Image>
    <Image Include="Res\idr_room.ico">
      <Filter>Resource Files</Filter>
    </Image>
    <Image Include="Res\idr_tree.ico">
      <Filter>Resource Files</Filter>
    </Image>
    <Image Include="Res\Itoolbar.bmp">
      <Filter>Resource Files</Filter>
    </Image>
    <Image Include="Res\lowpass1.bmp">
      <Filter>Resource Files</Filter>
    </Image>
    <Image Include="Res\lowpass2.bmp">
      <Filter>Resource Files</Filter>
    </Image>
    <Image Include="Res\lowpass3.bmp">
      <Filter>Resource Files</Filter>
    </Image>
    <Image Include="res\resistor.bmp">
      <Filter>Resource Files</Filter>
    </Image>
    <Image Include="Res\splsh256.bmp">
      <Filter>Resource Files</Filter>
    </Image>
    <Image Include="Res\toolbar.bmp">
      <Filter>Resource Files</Filter>
    </Image>
    <Image Include="res\toolchar.bmp">
      <Filter>Resource Files</Filter>
    </Image>
    <Image Include="res\tooldriv.bmp">
      <Filter>Resource Files</Filter>
    </Image>
    <Image Include="res\toolencl.bmp">
      <Filter>Resource Files</Filter>
    </Image>
    <Image Include="res\toolnetw.bmp">
      <Filter>Resource Files</Filter>
    </Image>
    <Image Include="res\toolsign.bmp">
      <Filter>Resource Files</Filter>
    </Image>
    <Image Include="Res\treelist.bmp">
      <Filter>Resource Files</Filter>
    </Image>
    <Image Include="res\wiz_amp_.bmp">
      <Filter>Resource Files</Filter>
    </Image>
    <Image Include="res\wiz_brd_.bmp">
      <Filter>Resource Files</Filter>
    </Image>
    <Image Include="res\wiz_cal4.bmp">
      <Filter>Resource Files</Filter>
    </Image>
    <Image Include="res\wiz_lp_b.bmp">
      <Filter>Resource Files</Filter>
    </Image>
    <Image Include="RES\Wz_impbe.bmp">
      <Filter>Resource Files</Filter>
    </Image>
    <Image Include="RES\Wz_impj1.bmp">
      <Filter>Resource Files</Filter>
    </Image>
    <Image Include="RES\Wz_impj2.bmp">
      <Filter>Resource Files</Filter>
    </Image>
    <Image Include="RES\Wz_lp1.bmp">
      <Filter>Resource Files</Filter>
    </Image>
    <Image Include="res\xvhigh3.bmp">
      <Filter>Resource Files</Filter>
    </Image>
    <Image Include="res\xvhigh4.bmp">
      <Filter>Resource Files</Filter>
    </Image>
  </ItemGroup>
</Project>